
Microsoft Visual Studio Solution File, Format Version 12.00
# Visual Studio Version 17
VisualStudioVersion = 17.6.33723.286
MinimumVisualStudioVersion = 10.0.40219.1
Project("{9A19103F-16F7-4668-BE54-9A1E7A4F7556}") = "MassSpecTrigger", "MassSpecTrigger.csproj", "{E439BE58-BA7A-4496-9878-5DDFDFF617A5}"
EndProject
Project("{FAE04EC0-301F-11D3-BF4B-00C04F79EFBC}") = "TestMassSpecTrigger", "TestMassSpecTrigger\TestMassSpecTrigger.csproj", "{9E51EE4B-ECFB-47FE-A173-D7E21F10AB40}"
EndProject
Global
	GlobalSection(SolutionConfigurationPlatforms) = preSolution
		Debug|Any CPU = Debug|Any CPU
		Release|Any CPU = Release|Any CPU
	EndGlobalSection
	GlobalSection(ProjectConfigurationPlatforms) = postSolution
		{E439BE58-BA7A-4496-9878-5DDFDFF617A5}.Debug|Any CPU.ActiveCfg = Debug|Any CPU
		{E439BE58-BA7A-4496-9878-5DDFDFF617A5}.Debug|Any CPU.Build.0 = Debug|Any CPU
		{E439BE58-BA7A-4496-9878-5DDFDFF617A5}.Release|Any CPU.ActiveCfg = Release|Any CPU
		{E439BE58-BA7A-4496-9878-5DDFDFF617A5}.Release|Any CPU.Build.0 = Release|Any CPU
		{9E51EE4B-ECFB-47FE-A173-D7E21F10AB40}.Debug|Any CPU.ActiveCfg = Debug|Any CPU
		{9E51EE4B-ECFB-47FE-A173-D7E21F10AB40}.Debug|Any CPU.Build.0 = Debug|Any CPU
		{9E51EE4B-ECFB-47FE-A173-D7E21F10AB40}.Release|Any CPU.ActiveCfg = Release|Any CPU
		{9E51EE4B-ECFB-47FE-A173-D7E21F10AB40}.Release|Any CPU.Build.0 = Release|Any CPU
	EndGlobalSection
	GlobalSection(SolutionProperties) = preSolution
		HideSolutionNode = FALSE
	EndGlobalSection
	GlobalSection(ExtensibilityGlobals) = postSolution
		SolutionGuid = {45CC205D-C3BB-4F81-A127-A7C6AF079CA4}
	EndGlobalSection
EndGlobal
